// !$*UTF8*$!
{
	archiveVersion = 1;
	classes = {
	};
	objectVersion = 46;
	objects = {

/* Begin PBXBuildFile section */
		A811B5881536216B003E5E93 /* UIKit.framework in Frameworks */ = {isa = PBXBuildFile; fileRef = A811B5871536216B003E5E93 /* UIKit.framework */; };
		A811B58A1536216B003E5E93 /* Foundation.framework in Frameworks */ = {isa = PBXBuildFile; fileRef = A811B5891536216B003E5E93 /* Foundation.framework */; };
		A811B58C1536216B003E5E93 /* CoreGraphics.framework in Frameworks */ = {isa = PBXBuildFile; fileRef = A811B58B1536216B003E5E93 /* CoreGraphics.framework */; };
		A811B5921536216B003E5E93 /* InfoPlist.strings in Resources */ = {isa = PBXBuildFile; fileRef = A811B5901536216B003E5E93 /* InfoPlist.strings */; };
		A811B5941536216B003E5E93 /* main.m in Sources */ = {isa = PBXBuildFile; fileRef = A811B5931536216B003E5E93 /* main.m */; };
		A811B5981536216B003E5E93 /* AppDelegate.m in Sources */ = {isa = PBXBuildFile; fileRef = A811B5971536216B003E5E93 /* AppDelegate.m */; };
		A811B59B1536216B003E5E93 /* MainStoryboard.storyboard in Resources */ = {isa = PBXBuildFile; fileRef = A811B5991536216B003E5E93 /* MainStoryboard.storyboard */; };
		A811B59E1536216B003E5E93 /* ViewController.m in Sources */ = {isa = PBXBuildFile; fileRef = A811B59D1536216B003E5E93 /* ViewController.m */; };
		A811B5A61536216B003E5E93 /* SenTestingKit.framework in Frameworks */ = {isa = PBXBuildFile; fileRef = A811B5A51536216B003E5E93 /* SenTestingKit.framework */; };
		A811B5A71536216B003E5E93 /* UIKit.framework in Frameworks */ = {isa = PBXBuildFile; fileRef = A811B5871536216B003E5E93 /* UIKit.framework */; };
		A811B5A81536216B003E5E93 /* Foundation.framework in Frameworks */ = {isa = PBXBuildFile; fileRef = A811B5891536216B003E5E93 /* Foundation.framework */; };
		A811B5B01536216B003E5E93 /* InfoPlist.strings in Resources */ = {isa = PBXBuildFile; fileRef = A811B5AE1536216B003E5E93 /* InfoPlist.strings */; };
		A811B5B31536216B003E5E93 /* test5Tests.m in Sources */ = {isa = PBXBuildFile; fileRef = A811B5B21536216B003E5E93 /* test5Tests.m */; };
/* End PBXBuildFile section */

/* Begin PBXContainerItemProxy section */
		A811B5A91536216B003E5E93 /* PBXContainerItemProxy */ = {
			isa = PBXContainerItemProxy;
			containerPortal = A811B57A1536216B003E5E93 /* Project object */;
			proxyType = 1;
			remoteGlobalIDString = A811B5821536216B003E5E93;
			remoteInfo = test5;
		};
/* End PBXContainerItemProxy section */

/* Begin PBXFileReference section */
		A811B5831536216B003E5E93 /* test5.app */ = {isa = PBXFileReference; explicitFileType = wrapper.application; includeInIndex = 0; path = test5.app; sourceTree = BUILT_PRODUCTS_DIR; };
		A811B5871536216B003E5E93 /* UIKit.framework */ = {isa = PBXFileReference; lastKnownFileType = wrapper.framework; name = UIKit.framework; path = System/Library/Frameworks/UIKit.framework; sourceTree = SDKROOT; };
		A811B5891536216B003E5E93 /* Foundation.framework */ = {isa = PBXFileReference; lastKnownFileType = wrapper.framework; name = Foundation.framework; path = System/Library/Frameworks/Foundation.framework; sourceTree = SDKROOT; };
		A811B58B1536216B003E5E93 /* CoreGraphics.framework */ = {isa = PBXFileReference; lastKnownFileType = wrapper.framework; name = CoreGraphics.framework; path = System/Library/Frameworks/CoreGraphics.framework; sourceTree = SDKROOT; };
		A811B58F1536216B003E5E93 /* test5-Info.plist */ = {isa = PBXFileReference; lastKnownFileType = text.plist.xml; path = "test5-Info.plist"; sourceTree = "<group>"; };
		A811B5911536216B003E5E93 /* en */ = {isa = PBXFileReference; lastKnownFileType = text.plist.strings; name = en; path = en.lproj/InfoPlist.strings; sourceTree = "<group>"; };
		A811B5931536216B003E5E93 /* main.m */ = {isa = PBXFileReference; lastKnownFileType = sourcecode.c.objc; path = main.m; sourceTree = "<group>"; };
		A811B5951536216B003E5E93 /* test5-Prefix.pch */ = {isa = PBXFileReference; lastKnownFileType = sourcecode.c.h; path = "test5-Prefix.pch"; sourceTree = "<group>"; };
		A811B5961536216B003E5E93 /* AppDelegate.h */ = {isa = PBXFileReference; lastKnownFileType = sourcecode.c.h; path = AppDelegate.h; sourceTree = "<group>"; };
		A811B5971536216B003E5E93 /* AppDelegate.m */ = {isa = PBXFileReference; lastKnownFileType = sourcecode.c.objc; path = AppDelegate.m; sourceTree = "<group>"; };
		A811B59A1536216B003E5E93 /* en */ = {isa = PBXFileReference; lastKnownFileType = file.storyboard; name = en; path = en.lproj/MainStoryboard.storyboard; sourceTree = "<group>"; };
		A811B59C1536216B003E5E93 /* ViewController.h */ = {isa = PBXFileReference; lastKnownFileType = sourcecode.c.h; path = ViewController.h; sourceTree = "<group>"; };
		A811B59D1536216B003E5E93 /* ViewController.m */ = {isa = PBXFileReference; lastKnownFileType = sourcecode.c.objc; path = ViewController.m; sourceTree = "<group>"; };
		A811B5A41536216B003E5E93 /* test5Tests.octest */ = {isa = PBXFileReference; explicitFileType = wrapper.cfbundle; includeInIndex = 0; path = test5Tests.octest; sourceTree = BUILT_PRODUCTS_DIR; };
		A811B5A51536216B003E5E93 /* SenTestingKit.framework */ = {isa = PBXFileReference; lastKnownFileType = wrapper.framework; name = SenTestingKit.framework; path = Library/Frameworks/SenTestingKit.framework; sourceTree = DEVELOPER_DIR; };
		A811B5AD1536216B003E5E93 /* test5Tests-Info.plist */ = {isa = PBXFileReference; lastKnownFileType = text.plist.xml; path = "test5Tests-Info.plist"; sourceTree = "<group>"; };
		A811B5AF1536216B003E5E93 /* en */ = {isa = PBXFileReference; lastKnownFileType = text.plist.strings; name = en; path = en.lproj/InfoPlist.strings; sourceTree = "<group>"; };
		A811B5B11536216B003E5E93 /* test5Tests.h */ = {isa = PBXFileReference; lastKnownFileType = sourcecode.c.h; path = test5Tests.h; sourceTree = "<group>"; };
		A811B5B21536216B003E5E93 /* test5Tests.m */ = {isa = PBXFileReference; lastKnownFileType = sourcecode.c.objc; path = test5Tests.m; sourceTree = "<group>"; };
/* End PBXFileReference section */

/* Begin PBXFrameworksBuildPhase section */
		A811B5801536216B003E5E93 /* Frameworks */ = {
			isa = PBXFrameworksBuildPhase;
			buildActionMask = 2147483647;
			files = (
				A811B5881536216B003E5E93 /* UIKit.framework in Frameworks */,
				A811B58A1536216B003E5E93 /* Foundation.framework in Frameworks */,
				A811B58C1536216B003E5E93 /* CoreGraphics.framework in Frameworks */,
			);
			runOnlyForDeploymentPostprocessing = 0;
		};
		A811B5A01536216B003E5E93 /* Frameworks */ = {
			isa = PBXFrameworksBuildPhase;
			buildActionMask = 2147483647;
			files = (
				A811B5A61536216B003E5E93 /* SenTestingKit.framework in Frameworks */,
				A811B5A71536216B003E5E93 /* UIKit.framework in Frameworks */,
				A811B5A81536216B003E5E93 /* Foundation.framework in Frameworks */,
			);
			runOnlyForDeploymentPostprocessing = 0;
		};
/* End PBXFrameworksBuildPhase section */

/* Begin PBXGroup section */
		A811B5781536216B003E5E93 = {
			isa = PBXGroup;
			children = (
				A811B58D1536216B003E5E93 /* test5 */,
				A811B5AB1536216B003E5E93 /* test5Tests */,
				A811B5861536216B003E5E93 /* Frameworks */,
				A811B5841536216B003E5E93 /* Products */,
			);
			sourceTree = "<group>";
		};
		A811B5841536216B003E5E93 /* Products */ = {
			isa = PBXGroup;
			children = (
				A811B5831536216B003E5E93 /* test5.app */,
				A811B5A41536216B003E5E93 /* test5Tests.octest */,
			);
			name = Products;
			sourceTree = "<group>";
		};
		A811B5861536216B003E5E93 /* Frameworks */ = {
			isa = PBXGroup;
			children = (
				A811B5871536216B003E5E93 /* UIKit.framework */,
				A811B5891536216B003E5E93 /* Foundation.framework */,
				A811B58B1536216B003E5E93 /* CoreGraphics.framework */,
				A811B5A51536216B003E5E93 /* SenTestingKit.framework */,
			);
			name = Frameworks;
			sourceTree = "<group>";
		};
		A811B58D1536216B003E5E93 /* test5 */ = {
			isa = PBXGroup;
			children = (
				A811B5961536216B003E5E93 /* AppDelegate.h */,
				A811B5971536216B003E5E93 /* AppDelegate.m */,
				A811B5991536216B003E5E93 /* MainStoryboard.storyboard */,
				A811B59C1536216B003E5E93 /* ViewController.h */,
				A811B59D1536216B003E5E93 /* ViewController.m */,
				A811B58E1536216B003E5E93 /* Supporting Files */,
			);
			path = test5;
			sourceTree = "<group>";
		};
		A811B58E1536216B003E5E93 /* Supporting Files */ = {
			isa = PBXGroup;
			children = (
				A811B58F1536216B003E5E93 /* test5-Info.plist */,
				A811B5901536216B003E5E93 /* InfoPlist.strings */,
				A811B5931536216B003E5E93 /* main.m */,
				A811B5951536216B003E5E93 /* test5-Prefix.pch */,
			);
			name = "Supporting Files";
			sourceTree = "<group>";
		};
		A811B5AB1536216B003E5E93 /* test5Tests */ = {
			isa = PBXGroup;
			children = (
				A811B5B11536216B003E5E93 /* test5Tests.h */,
				A811B5B21536216B003E5E93 /* test5Tests.m */,
				A811B5AC1536216B003E5E93 /* Supporting Files */,
			);
			path = test5Tests;
			sourceTree = "<group>";
		};
		A811B5AC1536216B003E5E93 /* Supporting Files */ = {
			isa = PBXGroup;
			children = (
				A811B5AD1536216B003E5E93 /* test5Tests-Info.plist */,
				A811B5AE1536216B003E5E93 /* InfoPlist.strings */,
			);
			name = "Supporting Files";
			sourceTree = "<group>";
		};
/* End PBXGroup section */

/* Begin PBXNativeTarget section */
		A811B5821536216B003E5E93 /* test5 */ = {
			isa = PBXNativeTarget;
			buildConfigurationList = A811B5B61536216B003E5E93 /* Build configuration list for PBXNativeTarget "test5" */;
			buildPhases = (
				A811B57F1536216B003E5E93 /* Sources */,
				A811B5801536216B003E5E93 /* Frameworks */,
				A811B5811536216B003E5E93 /* Resources */,
			);
			buildRules = (
			);
			dependencies = (
			);
			name = test5;
			productName = test5;
			productReference = A811B5831536216B003E5E93 /* test5.app */;
			productType = "com.apple.product-type.application";
		};
		A811B5A31536216B003E5E93 /* test5Tests */ = {
			isa = PBXNativeTarget;
			buildConfigurationList = A811B5B91536216B003E5E93 /* Build configuration list for PBXNativeTarget "test5Tests" */;
			buildPhases = (
				A811B59F1536216B003E5E93 /* Sources */,
				A811B5A01536216B003E5E93 /* Frameworks */,
				A811B5A11536216B003E5E93 /* Resources */,
				A811B5A21536216B003E5E93 /* ShellScript */,
			);
			buildRules = (
			);
			dependencies = (
				A811B5AA1536216B003E5E93 /* PBXTargetDependency */,
			);
			name = test5Tests;
			productName = test5Tests;
			productReference = A811B5A41536216B003E5E93 /* test5Tests.octest */;
			productType = "com.apple.product-type.bundle";
		};
/* End PBXNativeTarget section */

/* Begin PBXProject section */
		A811B57A1536216B003E5E93 /* Project object */ = {
			isa = PBXProject;
			attributes = {
				LastUpgradeCheck = 0420;
			};
			buildConfigurationList = A811B57D1536216B003E5E93 /* Build configuration list for PBXProject "test5" */;
			compatibilityVersion = "Xcode 3.2";
			developmentRegion = English;
			hasScannedForEncodings = 0;
			knownRegions = (
				en,
			);
			mainGroup = A811B5781536216B003E5E93;
			productRefGroup = A811B5841536216B003E5E93 /* Products */;
			projectDirPath = "";
			projectRoot = "";
			targets = (
				A811B5821536216B003E5E93 /* test5 */,
				A811B5A31536216B003E5E93 /* test5Tests */,
			);
		};
/* End PBXProject section */

/* Begin PBXResourcesBuildPhase section */
		A811B5811536216B003E5E93 /* Resources */ = {
			isa = PBXResourcesBuildPhase;
			buildActionMask = 2147483647;
			files = (
				A811B5921536216B003E5E93 /* InfoPlist.strings in Resources */,
				A811B59B1536216B003E5E93 /* MainStoryboard.storyboard in Resources */,
			);
			runOnlyForDeploymentPostprocessing = 0;
		};
		A811B5A11536216B003E5E93 /* Resources */ = {
			isa = PBXResourcesBuildPhase;
			buildActionMask = 2147483647;
			files = (
				A811B5B01536216B003E5E93 /* InfoPlist.strings in Resources */,
			);
			runOnlyForDeploymentPostprocessing = 0;
		};
/* End PBXResourcesBuildPhase section */

/* Begin PBXShellScriptBuildPhase section */
		A811B5A21536216B003E5E93 /* ShellScript */ = {
			isa = PBXShellScriptBuildPhase;
			buildActionMask = 2147483647;
			files = (
			);
			inputPaths = (
			);
			outputPaths = (
			);
			runOnlyForDeploymentPostprocessing = 0;
			shellPath = /bin/sh;
			shellScript = "# Run the unit tests in this test bundle.\n\"${SYSTEM_DEVELOPER_DIR}/Tools/RunUnitTests\"\n";
		};
/* End PBXShellScriptBuildPhase section */

/* Begin PBXSourcesBuildPhase section */
		A811B57F1536216B003E5E93 /* Sources */ = {
			isa = PBXSourcesBuildPhase;
			buildActionMask = 2147483647;
			files = (
				A811B5941536216B003E5E93 /* main.m in Sources */,
				A811B5981536216B003E5E93 /* AppDelegate.m in Sources */,
				A811B59E1536216B003E5E93 /* ViewController.m in Sources */,
			);
			runOnlyForDeploymentPostprocessing = 0;
		};
		A811B59F1536216B003E5E93 /* Sources */ = {
			isa = PBXSourcesBuildPhase;
			buildActionMask = 2147483647;
			files = (
				A811B5B31536216B003E5E93 /* test5Tests.m in Sources */,
			);
			runOnlyForDeploymentPostprocessing = 0;
		};
/* End PBXSourcesBuildPhase section */

/* Begin PBXTargetDependency section */
		A811B5AA1536216B003E5E93 /* PBXTargetDependency */ = {
			isa = PBXTargetDependency;
			target = A811B5821536216B003E5E93 /* test5 */;
			targetProxy = A811B5A91536216B003E5E93 /* PBXContainerItemProxy */;
		};
/* End PBXTargetDependency section */

/* Begin PBXVariantGroup section */
		A811B5901536216B003E5E93 /* InfoPlist.strings */ = {
			isa = PBXVariantGroup;
			children = (
				A811B5911536216B003E5E93 /* en */,
			);
			name = InfoPlist.strings;
			sourceTree = "<group>";
		};
		A811B5991536216B003E5E93 /* MainStoryboard.storyboard */ = {
			isa = PBXVariantGroup;
			children = (
				A811B59A1536216B003E5E93 /* en */,
			);
			name = MainStoryboard.storyboard;
			sourceTree = "<group>";
		};
		A811B5AE1536216B003E5E93 /* InfoPlist.strings */ = {
			isa = PBXVariantGroup;
			children = (
				A811B5AF1536216B003E5E93 /* en */,
			);
			name = InfoPlist.strings;
			sourceTree = "<group>";
		};
/* End PBXVariantGroup section */

/* Begin XCBuildConfiguration section */
		A811B5B41536216B003E5E93 /* Debug */ = {
			isa = XCBuildConfiguration;
			buildSettings = {
				ALWAYS_SEARCH_USER_PATHS = NO;
				ARCHS = "$(ARCHS_STANDARD_32_BIT)";
				CLANG_ENABLE_OBJC_ARC = YES;
				"CODE_SIGN_IDENTITY[sdk=iphoneos*]" = "iPhone Developer";
				COPY_PHASE_STRIP = NO;
				GCC_C_LANGUAGE_STANDARD = gnu99;
				GCC_DYNAMIC_NO_PIC = NO;
				GCC_OPTIMIZATION_LEVEL = 0;
				GCC_PREPROCESSOR_DEFINITIONS = (
					"DEBUG=1",
					"$(inherited)",
				);
				GCC_SYMBOLS_PRIVATE_EXTERN = NO;
				GCC_VERSION = com.apple.compilers.llvm.clang.1_0;
				GCC_WARN_ABOUT_MISSING_PROTOTYPES = YES;
				GCC_WARN_ABOUT_RETURN_TYPE = YES;
				GCC_WARN_UNUSED_VARIABLE = YES;
				IPHONEOS_DEPLOYMENT_TARGET = 5.0;
				SDKROOT = iphoneos;
			};
			name = Debug;
		};
		A811B5B51536216B003E5E93 /* Release */ = {
			isa = XCBuildConfiguration;
			buildSettings = {
				ALWAYS_SEARCH_USER_PATHS = NO;
				ARCHS = "$(ARCHS_STANDARD_32_BIT)";
				CLANG_ENABLE_OBJC_ARC = YES;
				"CODE_SIGN_IDENTITY[sdk=iphoneos*]" = "iPhone Developer";
				COPY_PHASE_STRIP = YES;
				GCC_C_LANGUAGE_STANDARD = gnu99;
				GCC_VERSION = com.apple.compilers.llvm.clang.1_0;
				GCC_WARN_ABOUT_MISSING_PROTOTYPES = YES;
				GCC_WARN_ABOUT_RETURN_TYPE = YES;
				GCC_WARN_UNUSED_VARIABLE = YES;
				IPHONEOS_DEPLOYMENT_TARGET = 5.0;
				OTHER_CFLAGS = "-DNS_BLOCK_ASSERTIONS=1";
				SDKROOT = iphoneos;
				VALIDATE_PRODUCT = YES;
			};
			name = Release;
		};
		A811B5B71536216B003E5E93 /* Debug */ = {
			isa = XCBuildConfiguration;
			buildSettings = {
				GCC_PRECOMPILE_PREFIX_HEADER = YES;
				GCC_PREFIX_HEADER = "test5/test5-Prefix.pch";
				INFOPLIST_FILE = "test5/test5-Info.plist";
				PRODUCT_NAME = "$(TARGET_NAME)";
				WRAPPER_EXTENSION = app;
			};
			name = Debug;
		};
		A811B5B81536216B003E5E93 /* Release */ = {
			isa = XCBuildConfiguration;
			buildSettings = {
				GCC_PRECOMPILE_PREFIX_HEADER = YES;
				GCC_PREFIX_HEADER = "test5/test5-Prefix.pch";
				INFOPLIST_FILE = "test5/test5-Info.plist";
				PRODUCT_NAME = "$(TARGET_NAME)";
				WRAPPER_EXTENSION = app;
			};
			name = Release;
		};
		A811B5BA1536216B003E5E93 /* Debug */ = {
			isa = XCBuildConfiguration;
			buildSettings = {
				BUNDLE_LOADER = "$(BUILT_PRODUCTS_DIR)/test5.app/test5";
				FRAMEWORK_SEARCH_PATHS = (
					"$(SDKROOT)/Developer/Library/Frameworks",
					"$(DEVELOPER_LIBRARY_DIR)/Frameworks",
				);
				GCC_PRECOMPILE_PREFIX_HEADER = YES;
				GCC_PREFIX_HEADER = "test5/test5-Prefix.pch";
				INFOPLIST_FILE = "test5Tests/test5Tests-Info.plist";
				PRODUCT_NAME = "$(TARGET_NAME)";
				TEST_HOST = "$(BUNDLE_LOADER)";
				WRAPPER_EXTENSION = octest;
			};
			name = Debug;
		};
		A811B5BB1536216B003E5E93 /* Release */ = {
			isa = XCBuildConfiguration;
			buildSettings = {
				BUNDLE_LOADER = "$(BUILT_PRODUCTS_DIR)/test5.app/test5";
				FRAMEWORK_SEARCH_PATHS = (
					"$(SDKROOT)/Developer/Library/Frameworks",
					"$(DEVELOPER_LIBRARY_DIR)/Frameworks",
				);
				GCC_PRECOMPILE_PREFIX_HEADER = YES;
				GCC_PREFIX_HEADER = "test5/test5-Prefix.pch";
				INFOPLIST_FILE = "test5Tests/test5Tests-Info.plist";
				PRODUCT_NAME = "$(TARGET_NAME)";
				TEST_HOST = "$(BUNDLE_LOADER)";
				WRAPPER_EXTENSION = octest;
			};
			name = Release;
		};
/* End XCBuildConfiguration section */

/* Begin XCConfigurationList section */
		A811B57D1536216B003E5E93 /* Build configuration list for PBXProject "test5" */ = {
			isa = XCConfigurationList;
			buildConfigurations = (
				A811B5B41536216B003E5E93 /* Debug */,
				A811B5B51536216B003E5E93 /* Release */,
			);
			defaultConfigurationIsVisible = 0;
			defaultConfigurationName = Release;
		};
		A811B5B61536216B003E5E93 /* Build configuration list for PBXNativeTarget "test5" */ = {
			isa = XCConfigurationList;
			buildConfigurations = (
				A811B5B71536216B003E5E93 /* Debug */,
				A811B5B81536216B003E5E93 /* Release */,
			);
			defaultConfigurationIsVisible = 0;
		};
		A811B5B91536216B003E5E93 /* Build configuration list for PBXNativeTarget "test5Tests" */ = {
			isa = XCConfigurationList;
			buildConfigurations = (
				A811B5BA1536216B003E5E93 /* Debug */,
				A811B5BB1536216B003E5E93 /* Release */,
			);
			defaultConfigurationIsVisible = 0;
		};
/* End XCConfigurationList section */
	};
	rootObject = A811B57A1536216B003E5E93 /* Project object */;
}
